Microsoft Visual Studio Solution File, Format Version 12.00
# Visual Studio 2012
Project("{FAE04EC0-301F-11D3-BF4B-00C04F79EFBC}") = "SaxKnight", "SaxKnight.csproj", "{A1B18F1F-A48E-47B7-B686-7754BEF139ED}"
EndProject
Global
	GlobalSection(SolutionConfigurationPlatforms) = preSolution
	Debug|Any CPU = Debug|Any CPU
	ExportDebug|Any CPU = ExportDebug|Any CPU
	ExportRelease|Any CPU = ExportRelease|Any CPU
	EndGlobalSection
	GlobalSection(ProjectConfigurationPlatforms) = postSolution
		{A1B18F1F-A48E-47B7-B686-7754BEF139ED}.Debug|Any CPU.ActiveCfg = Debug|Any CPU
		{A1B18F1F-A48E-47B7-B686-7754BEF139ED}.Debug|Any CPU.Build.0 = Debug|Any CPU
		{A1B18F1F-A48E-47B7-B686-7754BEF139ED}.ExportDebug|Any CPU.ActiveCfg = ExportDebug|Any CPU
		{A1B18F1F-A48E-47B7-B686-7754BEF139ED}.ExportDebug|Any CPU.Build.0 = ExportDebug|Any CPU
		{A1B18F1F-A48E-47B7-B686-7754BEF139ED}.ExportRelease|Any CPU.ActiveCfg = ExportRelease|Any CPU
		{A1B18F1F-A48E-47B7-B686-7754BEF139ED}.ExportRelease|Any CPU.Build.0 = ExportRelease|Any CPU
	EndGlobalSection
EndGlobal
