Microsoft Visual Studio Solution File, Format Version 12.00
# Visual Studio 2012
Project("{FAE04EC0-301F-11D3-BF4B-00C04F79EFBC}") = "Tower Blast", "Tower Blast.csproj", "{1213942C-BEB9-4525-9132-25F6D1AD06EC}"
EndProject
Global
	GlobalSection(SolutionConfigurationPlatforms) = preSolution
	Debug|Any CPU = Debug|Any CPU
	ExportDebug|Any CPU = ExportDebug|Any CPU
	ExportRelease|Any CPU = ExportRelease|Any CPU
	EndGlobalSection
	GlobalSection(ProjectConfigurationPlatforms) = postSolution
		{1213942C-BEB9-4525-9132-25F6D1AD06EC}.Debug|Any CPU.ActiveCfg = Debug|Any CPU
		{1213942C-BEB9-4525-9132-25F6D1AD06EC}.Debug|Any CPU.Build.0 = Debug|Any CPU
		{1213942C-BEB9-4525-9132-25F6D1AD06EC}.ExportDebug|Any CPU.ActiveCfg = ExportDebug|Any CPU
		{1213942C-BEB9-4525-9132-25F6D1AD06EC}.ExportDebug|Any CPU.Build.0 = ExportDebug|Any CPU
		{1213942C-BEB9-4525-9132-25F6D1AD06EC}.ExportRelease|Any CPU.ActiveCfg = ExportRelease|Any CPU
		{1213942C-BEB9-4525-9132-25F6D1AD06EC}.ExportRelease|Any CPU.Build.0 = ExportRelease|Any CPU
	EndGlobalSection
EndGlobal
