Microsoft Visual Studio Solution File, Format Version 12.00
# Visual Studio 2012
Project("{FAE04EC0-301F-11D3-BF4B-00C04F79EFBC}") = "Greedy Granny", "Greedy Granny.csproj", "{CDC32D9B-7485-481D-9875-864352F5B00C}"
EndProject
Global
	GlobalSection(SolutionConfigurationPlatforms) = preSolution
	Debug|Any CPU = Debug|Any CPU
	ExportDebug|Any CPU = ExportDebug|Any CPU
	ExportRelease|Any CPU = ExportRelease|Any CPU
	EndGlobalSection
	GlobalSection(ProjectConfigurationPlatforms) = postSolution
		{CDC32D9B-7485-481D-9875-864352F5B00C}.Debug|Any CPU.ActiveCfg = Debug|Any CPU
		{CDC32D9B-7485-481D-9875-864352F5B00C}.Debug|Any CPU.Build.0 = Debug|Any CPU
		{CDC32D9B-7485-481D-9875-864352F5B00C}.ExportDebug|Any CPU.ActiveCfg = ExportDebug|Any CPU
		{CDC32D9B-7485-481D-9875-864352F5B00C}.ExportDebug|Any CPU.Build.0 = ExportDebug|Any CPU
		{CDC32D9B-7485-481D-9875-864352F5B00C}.ExportRelease|Any CPU.ActiveCfg = ExportRelease|Any CPU
		{CDC32D9B-7485-481D-9875-864352F5B00C}.ExportRelease|Any CPU.Build.0 = ExportRelease|Any CPU
	EndGlobalSection
EndGlobal
